
Microsoft Visual Studio Solution File, Format Version 12.00
# Visual Studio Version 17
VisualStudioVersion = 17.6.33829.357
MinimumVisualStudioVersion = 10.0.40219.1
Project("{FAE04EC0-301F-11D3-BF4B-00C04F79EFBC}") = "BlockChainCodeWithDocumentation", "BlockChainCodeWithDocumentation\BlockChainCodeWithDocumentation.csproj", "{FCA435D3-A095-41EA-8A2F-9DEF72AD2ACE}"
EndProject
Global
	GlobalSection(SolutionConfigurationPlatforms) = preSolution
		Debug|Any CPU = Debug|Any CPU
		Release|Any CPU = Release|Any CPU
	EndGlobalSection
	GlobalSection(ProjectConfigurationPlatforms) = postSolution
		{FCA435D3-A095-41EA-8A2F-9DEF72AD2ACE}.Debug|Any CPU.ActiveCfg = Debug|Any CPU
		{FCA435D3-A095-41EA-8A2F-9DEF72AD2ACE}.Debug|Any CPU.Build.0 = Debug|Any CPU
		{FCA435D3-A095-41EA-8A2F-9DEF72AD2ACE}.Release|Any CPU.ActiveCfg = Release|Any CPU
		{FCA435D3-A095-41EA-8A2F-9DEF72AD2ACE}.Release|Any CPU.Build.0 = Release|Any CPU
	EndGlobalSection
	GlobalSection(SolutionProperties) = preSolution
		HideSolutionNode = FALSE
	EndGlobalSection
	GlobalSection(ExtensibilityGlobals) = postSolution
		SolutionGuid = {77D114CE-0003-4D9C-984E-3949B4649764}
	EndGlobalSection
EndGlobal
